
Microsoft Visual Studio Solution File, Format Version 12.00
# Visual Studio Version 17
VisualStudioVersion = 17.7.34221.43
MinimumVisualStudioVersion = 10.0.40219.1
Project("{9A19103F-16F7-4668-BE54-9A1E7A4F7556}") = "demo_app", "indianear-customer\demo_app.csproj", "{50C9B2B6-2A4C-45D8-B959-DCCA90478263}"
EndProject
Global
	GlobalSection(SolutionConfigurationPlatforms) = preSolution
		Debug|Any CPU = Debug|Any CPU
		Release|Any CPU = Release|Any CPU
	EndGlobalSection
	GlobalSection(ProjectConfigurationPlatforms) = postSolution
		{50C9B2B6-2A4C-45D8-B959-DCCA90478263}.Debug|Any CPU.ActiveCfg = Debug|Any CPU
		{50C9B2B6-2A4C-45D8-B959-DCCA90478263}.Debug|Any CPU.Build.0 = Debug|Any CPU
		{50C9B2B6-2A4C-45D8-B959-DCCA90478263}.Debug|Any CPU.Deploy.0 = Debug|Any CPU
		{50C9B2B6-2A4C-45D8-B959-DCCA90478263}.Release|Any CPU.ActiveCfg = Release|Any CPU
		{50C9B2B6-2A4C-45D8-B959-DCCA90478263}.Release|Any CPU.Build.0 = Release|Any CPU
		{50C9B2B6-2A4C-45D8-B959-DCCA90478263}.Release|Any CPU.Deploy.0 = Release|Any CPU
	EndGlobalSection
	GlobalSection(SolutionProperties) = preSolution
		HideSolutionNode = FALSE
	EndGlobalSection
	GlobalSection(ExtensibilityGlobals) = postSolution
		SolutionGuid = {5D198EAE-00B2-46B5-A5E4-F4F917D8F145}
	EndGlobalSection
EndGlobal
